
Microsoft Visual Studio Solution File, Format Version 12.00
# Visual Studio Version 17
VisualStudioVersion = 17.11.35327.3
MinimumVisualStudioVersion = 10.0.40219.1
Project("{9A19103F-16F7-4668-BE54-9A1E7A4F7556}") = "HashingHandler.Formats.Byte", "src\HashingHandler.Formats.Byte.csproj", "{9ADB6132-A410-44AE-949B-18A138CA6AA1}"
EndProject
Global
	GlobalSection(SolutionConfigurationPlatforms) = preSolution
		Debug|Any CPU = Debug|Any CPU
		Release|Any CPU = Release|Any CPU
	EndGlobalSection
	GlobalSection(ProjectConfigurationPlatforms) = postSolution
		{9ADB6132-A410-44AE-949B-18A138CA6AA1}.Debug|Any CPU.ActiveCfg = Debug|Any CPU
		{9ADB6132-A410-44AE-949B-18A138CA6AA1}.Debug|Any CPU.Build.0 = Debug|Any CPU
		{9ADB6132-A410-44AE-949B-18A138CA6AA1}.Release|Any CPU.ActiveCfg = Release|Any CPU
		{9ADB6132-A410-44AE-949B-18A138CA6AA1}.Release|Any CPU.Build.0 = Release|Any CPU
	EndGlobalSection
	GlobalSection(SolutionProperties) = preSolution
		HideSolutionNode = FALSE
	EndGlobalSection
	GlobalSection(ExtensibilityGlobals) = postSolution
		SolutionGuid = {6D4F5CA3-8890-4B33-B878-EFFDCB25A208}
	EndGlobalSection
EndGlobal
